
Microsoft Visual Studio Solution File, Format Version 12.00
# Visual Studio Version 16
VisualStudioVersion = 16.0.31424.327
MinimumVisualStudioVersion = 10.0.40219.1
Project("{FAE04EC0-301F-11D3-BF4B-00C04F79EFBC}") = "BaithiASP_net", "BaithiASP_net\BaithiASP_net.csproj", "{0A424CD5-60B4-4ABD-AFA2-9BDB6438D7B4}"
EndProject
Global
	GlobalSection(SolutionConfigurationPlatforms) = preSolution
		Debug|Any CPU = Debug|Any CPU
		Release|Any CPU = Release|Any CPU
	EndGlobalSection
	GlobalSection(ProjectConfigurationPlatforms) = postSolution
		{0A424CD5-60B4-4ABD-AFA2-9BDB6438D7B4}.Debug|Any CPU.ActiveCfg = Debug|Any CPU
		{0A424CD5-60B4-4ABD-AFA2-9BDB6438D7B4}.Debug|Any CPU.Build.0 = Debug|Any CPU
		{0A424CD5-60B4-4ABD-AFA2-9BDB6438D7B4}.Release|Any CPU.ActiveCfg = Release|Any CPU
		{0A424CD5-60B4-4ABD-AFA2-9BDB6438D7B4}.Release|Any CPU.Build.0 = Release|Any CPU
	EndGlobalSection
	GlobalSection(SolutionProperties) = preSolution
		HideSolutionNode = FALSE
	EndGlobalSection
	GlobalSection(ExtensibilityGlobals) = postSolution
		SolutionGuid = {217F7786-E350-4768-AEBD-CB7398850144}
	EndGlobalSection
EndGlobal
